
Microsoft Visual Studio Solution File, Format Version 12.00
# Visual Studio 2013
VisualStudioVersion = 12.0.21005.1
MinimumVisualStudioVersion = 10.0.40219.1
Project("{FAE04EC0-301F-11D3-BF4B-00C04F79EFBC}") = "Spreadsheet", "Spreadsheet\Spreadsheet.csproj", "{56EB475D-A2DE-41A1-8206-095089AA8B1B}"
EndProject
Project("{2150E333-8FDC-42A3-9474-1A3956D46DE8}") = "Solution Items", "Solution Items", "{C85C318B-A82E-4B82-9154-B93D6FC87BE7}"
EndProject
Project("{FAE04EC0-301F-11D3-BF4B-00C04F79EFBC}") = "Resources", "Resources\Resources.csproj", "{31CC2BD0-56BB-41FD-9146-EE1EAF893ACE}"
EndProject
Project("{FAE04EC0-301F-11D3-BF4B-00C04F79EFBC}") = "SpreadsheetTests", "SpreadsheetTests\SpreadsheetTests.csproj", "{111F52D8-91A8-431B-A5AB-2B070D2B9A9E}"
EndProject
Project("{FAE04EC0-301F-11D3-BF4B-00C04F79EFBC}") = "SpreadsheetGUI", "SpreadsheetGUI\SpreadsheetGUI.csproj", "{26B510C6-241E-4A44-BEC5-55C93FE9BD1A}"
EndProject
Project("{FAE04EC0-301F-11D3-BF4B-00C04F79EFBC}") = "CodedUITestProject1", "CodedUITestProject1\CodedUITestProject1.csproj", "{8C550620-89BA-4BFB-ADF7-6F08DE8D30DA}"
EndProject
Global
	GlobalSection(SubversionScc) = preSolution
		Svn-Managed = True
		Manager = AnkhSVN - Subversion Support for Visual Studio
	EndGlobalSection
	GlobalSection(SolutionConfigurationPlatforms) = preSolution
		Debug|Any CPU = Debug|Any CPU
		Release|Any CPU = Release|Any CPU
	EndGlobalSection
	GlobalSection(ProjectConfigurationPlatforms) = postSolution
		{56EB475D-A2DE-41A1-8206-095089AA8B1B}.Debug|Any CPU.ActiveCfg = Debug|Any CPU
		{56EB475D-A2DE-41A1-8206-095089AA8B1B}.Debug|Any CPU.Build.0 = Debug|Any CPU
		{56EB475D-A2DE-41A1-8206-095089AA8B1B}.Release|Any CPU.ActiveCfg = Release|Any CPU
		{56EB475D-A2DE-41A1-8206-095089AA8B1B}.Release|Any CPU.Build.0 = Release|Any CPU
		{31CC2BD0-56BB-41FD-9146-EE1EAF893ACE}.Debug|Any CPU.ActiveCfg = Debug|Any CPU
		{31CC2BD0-56BB-41FD-9146-EE1EAF893ACE}.Debug|Any CPU.Build.0 = Debug|Any CPU
		{31CC2BD0-56BB-41FD-9146-EE1EAF893ACE}.Release|Any CPU.ActiveCfg = Release|Any CPU
		{31CC2BD0-56BB-41FD-9146-EE1EAF893ACE}.Release|Any CPU.Build.0 = Release|Any CPU
		{111F52D8-91A8-431B-A5AB-2B070D2B9A9E}.Debug|Any CPU.ActiveCfg = Debug|Any CPU
		{111F52D8-91A8-431B-A5AB-2B070D2B9A9E}.Debug|Any CPU.Build.0 = Debug|Any CPU
		{111F52D8-91A8-431B-A5AB-2B070D2B9A9E}.Release|Any CPU.ActiveCfg = Release|Any CPU
		{111F52D8-91A8-431B-A5AB-2B070D2B9A9E}.Release|Any CPU.Build.0 = Release|Any CPU
		{26B510C6-241E-4A44-BEC5-55C93FE9BD1A}.Debug|Any CPU.ActiveCfg = Debug|Any CPU
		{26B510C6-241E-4A44-BEC5-55C93FE9BD1A}.Debug|Any CPU.Build.0 = Debug|Any CPU
		{26B510C6-241E-4A44-BEC5-55C93FE9BD1A}.Release|Any CPU.ActiveCfg = Release|Any CPU
		{26B510C6-241E-4A44-BEC5-55C93FE9BD1A}.Release|Any CPU.Build.0 = Release|Any CPU
		{8C550620-89BA-4BFB-ADF7-6F08DE8D30DA}.Debug|Any CPU.ActiveCfg = Debug|Any CPU
		{8C550620-89BA-4BFB-ADF7-6F08DE8D30DA}.Debug|Any CPU.Build.0 = Debug|Any CPU
		{8C550620-89BA-4BFB-ADF7-6F08DE8D30DA}.Release|Any CPU.ActiveCfg = Release|Any CPU
		{8C550620-89BA-4BFB-ADF7-6F08DE8D30DA}.Release|Any CPU.Build.0 = Release|Any CPU
	EndGlobalSection
	GlobalSection(SolutionProperties) = preSolution
		HideSolutionNode = FALSE
	EndGlobalSection
EndGlobal
